
Microsoft Visual Studio Solution File, Format Version 12.00
# Visual Studio Version 17
VisualStudioVersion = 17.5.33627.172
MinimumVisualStudioVersion = 10.0.40219.1
Project("{9A19103F-16F7-4668-BE54-9A1E7A4F7556}") = "Practical20", "Practical20\Practical20.csproj", "{7BA06FBC-3E41-4638-BAC7-2D0E8F1E59F5}"
EndProject
Global
	GlobalSection(SolutionConfigurationPlatforms) = preSolution
		Debug|Any CPU = Debug|Any CPU
		Release|Any CPU = Release|Any CPU
	EndGlobalSection
	GlobalSection(ProjectConfigurationPlatforms) = postSolution
		{7BA06FBC-3E41-4638-BAC7-2D0E8F1E59F5}.Debug|Any CPU.ActiveCfg = Debug|Any CPU
		{7BA06FBC-3E41-4638-BAC7-2D0E8F1E59F5}.Debug|Any CPU.Build.0 = Debug|Any CPU
		{7BA06FBC-3E41-4638-BAC7-2D0E8F1E59F5}.Release|Any CPU.ActiveCfg = Release|Any CPU
		{7BA06FBC-3E41-4638-BAC7-2D0E8F1E59F5}.Release|Any CPU.Build.0 = Release|Any CPU
	EndGlobalSection
	GlobalSection(SolutionProperties) = preSolution
		HideSolutionNode = FALSE
	EndGlobalSection
	GlobalSection(ExtensibilityGlobals) = postSolution
		SolutionGuid = {D48A0835-E40C-4D4D-A0CF-C1F1AB4148BC}
	EndGlobalSection
EndGlobal
